{
  "name": "odata-v4-tutorial",
  "version": "1.0.0",
  "lockfileVersion": 2,
  "requires": true,
  "packages": {
    "": {
      "name": "odata-v4-tutorial",
      "version": "1.0.0",
      "dependencies": {
        "@openui5/sap.f": "^1",
        "@openui5/sap.m": "^1",
        "@openui5/sap.ui.core": "^1",
        "@openui5/sap.ui.layout": "^1",
        "@openui5/themelib_sap_belize": "^1"
      }
    },
    "node_modules/@openui5/sap.f": {
      "version": "1.116.0",
      "resolved": "https://registry.npmjs.org/@openui5/sap.f/-/sap.f-1.116.0.tgz",
      "integrity": "sha512-IOGiMGXSx+u2VeKpCn6q6ntvcwAhKwblVE6d5oIjzWwD5Kcv/Ovl2QndyLZT8YxWEu64udrzmU31/ljRACYO3A==",
      "dependencies": {
        "@openui5/sap.m": "1.116.0",
        "@openui5/sap.ui.core": "1.116.0",
        "@openui5/sap.ui.layout": "1.116.0"
      }
    },
    "node_modules/@openui5/sap.m": {
      "version": "1.116.0",
      "resolved": "https://registry.npmjs.org/@openui5/sap.m/-/sap.m-1.116.0.tgz",
      "integrity": "sha512-F1+0kKt1X1MhnFPp9EDcBX0VVSCLI3rEHv9A69uNekUBlsMr9OobChR9NhFLbQCTWgkOPrcvx238K0ROyoQpoA==",
      "dependencies": {
        "@openui5/sap.ui.core": "1.116.0",
        "@openui5/sap.ui.layout": "1.116.0",
        "@openui5/sap.ui.unified": "1.116.0"
      }
    },
    "node_modules/@openui5/sap.ui.core": {
      "version": "1.116.0",
      "resolved": "https://registry.npmjs.org/@openui5/sap.ui.core/-/sap.ui.core-1.116.0.tgz",
      "integrity": "sha512-HwVuy0XIGIHM0emz6xh2HMLQnDbMSVatkEq9uPmbQoeV8PvThJcjyEMgAuLKgUpAim2qMNyOvsfn2zHeuOmOaw=="
    },
    "node_modules/@openui5/sap.ui.layout": {
      "version": "1.116.0",
      "resolved": "https://registry.npmjs.org/@openui5/sap.ui.layout/-/sap.ui.layout-1.116.0.tgz",
      "integrity": "sha512-YFIyvca9wymUYG6SaZeTpbqeky+V4tdOBbrNfOklGrkqoCJfQ3xWtcuo/ulqfuae4G7NFMAP84BfClJt610KKA==",
      "dependencies": {
        "@openui5/sap.ui.core": "1.116.0"
      }
    },
    "node_modules/@openui5/sap.ui.unified": {
      "version": "1.116.0",
      "resolved": "https://registry.npmjs.org/@openui5/sap.ui.unified/-/sap.ui.unified-1.116.0.tgz",
      "integrity": "sha512-VyH4bWZyA462iTq8x5qHPMQ/bylzyL8JBnSZgfwyFV7I89/obzzxfaBD5rYQjM/8oZna4oD1C2uo1AUadfHMmw==",
      "dependencies": {
        "@openui5/sap.ui.core": "1.116.0"
      }
    },
    "node_modules/@openui5/themelib_sap_belize": {
      "version": "1.116.0",
      "resolved": "https://registry.npmjs.org/@openui5/themelib_sap_belize/-/themelib_sap_belize-1.116.0.tgz",
      "integrity": "sha512-Dq6vDerFi2u/P47HPvbJ9XvwlMk4GOirGmJXn5a4Hox4sDkt+N/uDDGrNtBOPS4Sor9kcmG1HECGjMFelkqjpw=="
    }
  },
  "dependencies": {
    "@openui5/sap.f": {
      "version": "1.116.0",
      "resolved": "https://registry.npmjs.org/@openui5/sap.f/-/sap.f-1.116.0.tgz",
      "integrity": "sha512-IOGiMGXSx+u2VeKpCn6q6ntvcwAhKwblVE6d5oIjzWwD5Kcv/Ovl2QndyLZT8YxWEu64udrzmU31/ljRACYO3A==",
      "requires": {
        "@openui5/sap.m": "1.116.0",
        "@openui5/sap.ui.core": "1.116.0",
        "@openui5/sap.ui.layout": "1.116.0"
      }
    },
    "@openui5/sap.m": {
      "version": "1.116.0",
      "resolved": "https://registry.npmjs.org/@openui5/sap.m/-/sap.m-1.116.0.tgz",
      "integrity": "sha512-F1+0kKt1X1MhnFPp9EDcBX0VVSCLI3rEHv9A69uNekUBlsMr9OobChR9NhFLbQCTWgkOPrcvx238K0ROyoQpoA==",
      "requires": {
        "@openui5/sap.ui.core": "1.116.0",
        "@openui5/sap.ui.layout": "1.116.0",
        "@openui5/sap.ui.unified": "1.116.0"
      }
    },
    "@openui5/sap.ui.core": {
      "version": "1.116.0",
      "resolved": "https://registry.npmjs.org/@openui5/sap.ui.core/-/sap.ui.core-1.116.0.tgz",
      "integrity": "sha512-HwVuy0XIGIHM0emz6xh2HMLQnDbMSVatkEq9uPmbQoeV8PvThJcjyEMgAuLKgUpAim2qMNyOvsfn2zHeuOmOaw=="
    },
    "@openui5/sap.ui.layout": {
      "version": "1.116.0",
      "resolved": "https://registry.npmjs.org/@openui5/sap.ui.layout/-/sap.ui.layout-1.116.0.tgz",
      "integrity": "sha512-YFIyvca9wymUYG6SaZeTpbqeky+V4tdOBbrNfOklGrkqoCJfQ3xWtcuo/ulqfuae4G7NFMAP84BfClJt610KKA==",
      "requires": {
        "@openui5/sap.ui.core": "1.116.0"
      }
    },
    "@openui5/sap.ui.unified": {
      "version": "1.116.0",
      "resolved": "https://registry.npmjs.org/@openui5/sap.ui.unified/-/sap.ui.unified-1.116.0.tgz",
      "integrity": "sha512-VyH4bWZyA462iTq8x5qHPMQ/bylzyL8JBnSZgfwyFV7I89/obzzxfaBD5rYQjM/8oZna4oD1C2uo1AUadfHMmw==",
      "requires": {
        "@openui5/sap.ui.core": "1.116.0"
      }
    },
    "@openui5/themelib_sap_belize": {
      "version": "1.116.0",
      "resolved": "https://registry.npmjs.org/@openui5/themelib_sap_belize/-/themelib_sap_belize-1.116.0.tgz",
      "integrity": "sha512-Dq6vDerFi2u/P47HPvbJ9XvwlMk4GOirGmJXn5a4Hox4sDkt+N/uDDGrNtBOPS4Sor9kcmG1HECGjMFelkqjpw=="
    }
  }
}
